
Microsoft Visual Studio Solution File, Format Version 12.00
# Visual Studio 15
VisualStudioVersion = 15.0.28307.136
MinimumVisualStudioVersion = 10.0.40219.1
Project("{FAE04EC0-301F-11D3-BF4B-00C04F79EFBC}") = "HTML5Practice", "HTML5Practice\HTML5Practice.csproj", "{2DC31EC4-904F-41F0-8A24-909045116BD0}"
EndProject
Global
	GlobalSection(SolutionConfigurationPlatforms) = preSolution
		Debug|Any CPU = Debug|Any CPU
		Release|Any CPU = Release|Any CPU
	EndGlobalSection
	GlobalSection(ProjectConfigurationPlatforms) = postSolution
		{2DC31EC4-904F-41F0-8A24-909045116BD0}.Debug|Any CPU.ActiveCfg = Debug|Any CPU
		{2DC31EC4-904F-41F0-8A24-909045116BD0}.Debug|Any CPU.Build.0 = Debug|Any CPU
		{2DC31EC4-904F-41F0-8A24-909045116BD0}.Release|Any CPU.ActiveCfg = Release|Any CPU
		{2DC31EC4-904F-41F0-8A24-909045116BD0}.Release|Any CPU.Build.0 = Release|Any CPU
	EndGlobalSection
	GlobalSection(SolutionProperties) = preSolution
		HideSolutionNode = FALSE
	EndGlobalSection
	GlobalSection(ExtensibilityGlobals) = postSolution
		SolutionGuid = {4D528316-53C2-47C0-8017-FFD3F52D7C37}
	EndGlobalSection
EndGlobal
